{
  "name": "thoughtful-question-generator",
  "version": "0.0.0",
  "lockfileVersion": 2,
  "requires": true,
  "packages": {
    "": {
      "name": "thoughtful-question-generator",
      "version": "0.0.0",
      "dependencies": {
        "jen.js": "github:HeladoDeBrownie/jen.js#492b95d57c3200e8fdb1cbf5babf45dbc6deed67"
      }
    },
    "node_modules/jen.js": {
      "version": "0.0.0",
      "resolved": "git+ssh://git@github.com/HeladoDeBrownie/jen.js.git#492b95d57c3200e8fdb1cbf5babf45dbc6deed67",
      "integrity": "sha512-aqmTxgOu1dXJbzutxB70eUWTz+ykClYs8Iu1+tVWZM48uRCpFUpBMRhotdEmGESbTT6RgDgDGeYh6z+KlslEKw=="
    }
  },
  "dependencies": {
    "jen.js": {
      "version": "git+ssh://git@github.com/HeladoDeBrownie/jen.js.git#492b95d57c3200e8fdb1cbf5babf45dbc6deed67",
      "integrity": "sha512-aqmTxgOu1dXJbzutxB70eUWTz+ykClYs8Iu1+tVWZM48uRCpFUpBMRhotdEmGESbTT6RgDgDGeYh6z+KlslEKw==",
      "from": "jen.js@github:HeladoDeBrownie/jen.js#492b95d57c3200e8fdb1cbf5babf45dbc6deed67"
    }
  }
}
